
Microsoft Visual Studio Solution File, Format Version 12.00
# Visual Studio Version 17
VisualStudioVersion = 17.10.34928.147
MinimumVisualStudioVersion = 10.0.40219.1
Project("{FAE04EC0-301F-11D3-BF4B-00C04F79EFBC}") = "GPS Tracker", "GPS Tracker.csproj", "{E658DAF9-EC27-4225-8E6A-B8DD5638BE89}"
EndProject
Project("{2150E333-8FDC-42A3-9474-1A3956D46DE8}") = "Solution Items", "Solution Items", "{984F1776-D72D-4459-B6E3-808843412AB7}"
	ProjectSection(SolutionItems) = preProject
		UserClass.cs = UserClass.cs
	EndProjectSection
EndProject
Global
	GlobalSection(SolutionConfigurationPlatforms) = preSolution
		Debug|Any CPU = Debug|Any CPU
		Release|Any CPU = Release|Any CPU
	EndGlobalSection
	GlobalSection(ProjectConfigurationPlatforms) = postSolution
		{E658DAF9-EC27-4225-8E6A-B8DD5638BE89}.Debug|Any CPU.ActiveCfg = Debug|Any CPU
		{E658DAF9-EC27-4225-8E6A-B8DD5638BE89}.Debug|Any CPU.Build.0 = Debug|Any CPU
		{E658DAF9-EC27-4225-8E6A-B8DD5638BE89}.Release|Any CPU.ActiveCfg = Release|Any CPU
		{E658DAF9-EC27-4225-8E6A-B8DD5638BE89}.Release|Any CPU.Build.0 = Release|Any CPU
	EndGlobalSection
	GlobalSection(SolutionProperties) = preSolution
		HideSolutionNode = FALSE
	EndGlobalSection
	GlobalSection(ExtensibilityGlobals) = postSolution
		SolutionGuid = {C2BB4BAC-9A92-44CE-B484-27B7EFF0B58B}
	EndGlobalSection
EndGlobal
